
Microsoft Visual Studio Solution File, Format Version 12.00
# Visual Studio Version 16
VisualStudioVersion = 16.0.31613.86
MinimumVisualStudioVersion = 10.0.40219.1
Project("{8BC9CEB8-8B4A-11D0-8D11-00A0C91BC942}") = "Lab7.2.2", "Lab7.2.2\Lab7.2.2.vcxproj", "{B076AD30-D59D-4091-BB62-74F7ACBD78BE}"
EndProject
Project("{8BC9CEB8-8B4A-11D0-8D11-00A0C91BC942}") = "UnitTest", "UnitTest\UnitTest.vcxproj", "{026DC54B-E34D-428E-B1E3-58ABAAAD91B0}"
EndProject
Global
	GlobalSection(SolutionConfigurationPlatforms) = preSolution
		Debug|x64 = Debug|x64
		Debug|x86 = Debug|x86
		Release|x64 = Release|x64
		Release|x86 = Release|x86
	EndGlobalSection
	GlobalSection(ProjectConfigurationPlatforms) = postSolution
		{B076AD30-D59D-4091-BB62-74F7ACBD78BE}.Debug|x64.ActiveCfg = Debug|x64
		{B076AD30-D59D-4091-BB62-74F7ACBD78BE}.Debug|x64.Build.0 = Debug|x64
		{B076AD30-D59D-4091-BB62-74F7ACBD78BE}.Debug|x86.ActiveCfg = Debug|Win32
		{B076AD30-D59D-4091-BB62-74F7ACBD78BE}.Debug|x86.Build.0 = Debug|Win32
		{B076AD30-D59D-4091-BB62-74F7ACBD78BE}.Release|x64.ActiveCfg = Release|x64
		{B076AD30-D59D-4091-BB62-74F7ACBD78BE}.Release|x64.Build.0 = Release|x64
		{B076AD30-D59D-4091-BB62-74F7ACBD78BE}.Release|x86.ActiveCfg = Release|Win32
		{B076AD30-D59D-4091-BB62-74F7ACBD78BE}.Release|x86.Build.0 = Release|Win32
		{026DC54B-E34D-428E-B1E3-58ABAAAD91B0}.Debug|x64.ActiveCfg = Debug|x64
		{026DC54B-E34D-428E-B1E3-58ABAAAD91B0}.Debug|x64.Build.0 = Debug|x64
		{026DC54B-E34D-428E-B1E3-58ABAAAD91B0}.Debug|x86.ActiveCfg = Debug|Win32
		{026DC54B-E34D-428E-B1E3-58ABAAAD91B0}.Debug|x86.Build.0 = Debug|Win32
		{026DC54B-E34D-428E-B1E3-58ABAAAD91B0}.Release|x64.ActiveCfg = Release|x64
		{026DC54B-E34D-428E-B1E3-58ABAAAD91B0}.Release|x64.Build.0 = Release|x64
		{026DC54B-E34D-428E-B1E3-58ABAAAD91B0}.Release|x86.ActiveCfg = Release|Win32
		{026DC54B-E34D-428E-B1E3-58ABAAAD91B0}.Release|x86.Build.0 = Release|Win32
	EndGlobalSection
	GlobalSection(SolutionProperties) = preSolution
		HideSolutionNode = FALSE
	EndGlobalSection
	GlobalSection(ExtensibilityGlobals) = postSolution
		SolutionGuid = {0D189680-03F0-430D-A3D8-5A62FD6E0492}
	EndGlobalSection
EndGlobal
